// !$*UTF8*$!
{
	archiveVersion = 1;
	classes = {
	};
	objectVersion = 50;
	objects = {

/* Begin PBXBuildFile section */
		D147A54022A64A8F0011A944 /* AppDelegate.m in Sources */ = {isa = PBXBuildFile; fileRef = D147A53F22A64A8F0011A944 /* AppDelegate.m */; };
		D147A54322A64A8F0011A944 /* ViewController.m in Sources */ = {isa = PBXBuildFile; fileRef = D147A54222A64A8F0011A944 /* ViewController.m */; };
		D147A54622A64A8F0011A944 /* Main.storyboard in Resources */ = {isa = PBXBuildFile; fileRef = D147A54422A64A8F0011A944 /* Main.storyboard */; };
		D147A54822A64A910011A944 /* Assets.xcassets in Resources */ = {isa = PBXBuildFile; fileRef = D147A54722A64A910011A944 /* Assets.xcassets */; };
		D147A54B22A64A910011A944 /* LaunchScreen.storyboard in Resources */ = {isa = PBXBuildFile; fileRef = D147A54922A64A910011A944 /* LaunchScreen.storyboard */; };
		D147A54E22A64A910011A944 /* main.m in Sources */ = {isa = PBXBuildFile; fileRef = D147A54D22A64A910011A944 /* main.m */; };
		D147A55822A64A910011A944 /* RuntimeDemoTests.m in Sources */ = {isa = PBXBuildFile; fileRef = D147A55722A64A910011A944 /* RuntimeDemoTests.m */; };
		D147A56322A64A910011A944 /* RuntimeDemoUITests.m in Sources */ = {isa = PBXBuildFile; fileRef = D147A56222A64A910011A944 /* RuntimeDemoUITests.m */; };
		D147A57222A64BD30011A944 /* Person.m in Sources */ = {isa = PBXBuildFile; fileRef = D147A57122A64BD30011A944 /* Person.m */; };
		D147A57622A6560F0011A944 /* UITableView+FLDefaultDisplay.m in Sources */ = {isa = PBXBuildFile; fileRef = D147A57522A6560F0011A944 /* UITableView+FLDefaultDisplay.m */; };
		D147A57922A665FD0011A944 /* SpareWheel.m in Sources */ = {isa = PBXBuildFile; fileRef = D147A57822A665FD0011A944 /* SpareWheel.m */; };
/* End PBXBuildFile section */

/* Begin PBXContainerItemProxy section */
		D147A55422A64A910011A944 /* PBXContainerItemProxy */ = {
			isa = PBXContainerItemProxy;
			containerPortal = D147A53322A64A8F0011A944 /* Project object */;
			proxyType = 1;
			remoteGlobalIDString = D147A53A22A64A8F0011A944;
			remoteInfo = RuntimeDemo;
		};
		D147A55F22A64A910011A944 /* PBXContainerItemProxy */ = {
			isa = PBXContainerItemProxy;
			containerPortal = D147A53322A64A8F0011A944 /* Project object */;
			proxyType = 1;
			remoteGlobalIDString = D147A53A22A64A8F0011A944;
			remoteInfo = RuntimeDemo;
		};
/* End PBXContainerItemProxy section */

/* Begin PBXFileReference section */
		D147A53B22A64A8F0011A944 /* RuntimeDemo.app */ = {isa = PBXFileReference; explicitFileType = wrapper.application; includeInIndex = 0; path = RuntimeDemo.app; sourceTree = BUILT_PRODUCTS_DIR; };
		D147A53E22A64A8F0011A944 /* AppDelegate.h */ = {isa = PBXFileReference; lastKnownFileType = sourcecode.c.h; path = AppDelegate.h; sourceTree = "<group>"; };
		D147A53F22A64A8F0011A944 /* AppDelegate.m */ = {isa = PBXFileReference; lastKnownFileType = sourcecode.c.objc; path = AppDelegate.m; sourceTree = "<group>"; };
		D147A54122A64A8F0011A944 /* ViewController.h */ = {isa = PBXFileReference; lastKnownFileType = sourcecode.c.h; path = ViewController.h; sourceTree = "<group>"; };
		D147A54222A64A8F0011A944 /* ViewController.m */ = {isa = PBXFileReference; lastKnownFileType = sourcecode.c.objc; path = ViewController.m; sourceTree = "<group>"; };
		D147A54522A64A8F0011A944 /* Base */ = {isa = PBXFileReference; lastKnownFileType = file.storyboard; name = Base; path = Base.lproj/Main.storyboard; sourceTree = "<group>"; };
		D147A54722A64A910011A944 /* Assets.xcassets */ = {isa = PBXFileReference; lastKnownFileType = folder.assetcatalog; path = Assets.xcassets; sourceTree = "<group>"; };
		D147A54A22A64A910011A944 /* Base */ = {isa = PBXFileReference; lastKnownFileType = file.storyboard; name = Base; path = Base.lproj/LaunchScreen.storyboard; sourceTree = "<group>"; };
		D147A54C22A64A910011A944 /* Info.plist */ = {isa = PBXFileReference; lastKnownFileType = text.plist.xml; path = Info.plist; sourceTree = "<group>"; };
		D147A54D22A64A910011A944 /* main.m */ = {isa = PBXFileReference; lastKnownFileType = sourcecode.c.objc; path = main.m; sourceTree = "<group>"; };
		D147A55322A64A910011A944 /* RuntimeDemoTests.xctest */ = {isa = PBXFileReference; explicitFileType = wrapper.cfbundle; includeInIndex = 0; path = RuntimeDemoTests.xctest; sourceTree = BUILT_PRODUCTS_DIR; };
		D147A55722A64A910011A944 /* RuntimeDemoTests.m */ = {isa = PBXFileReference; lastKnownFileType = sourcecode.c.objc; path = RuntimeDemoTests.m; sourceTree = "<group>"; };
		D147A55922A64A910011A944 /* Info.plist */ = {isa = PBXFileReference; lastKnownFileType = text.plist.xml; path = Info.plist; sourceTree = "<group>"; };
		D147A55E22A64A910011A944 /* RuntimeDemoUITests.xctest */ = {isa = PBXFileReference; explicitFileType = wrapper.cfbundle; includeInIndex = 0; path = RuntimeDemoUITests.xctest; sourceTree = BUILT_PRODUCTS_DIR; };
		D147A56222A64A910011A944 /* RuntimeDemoUITests.m */ = {isa = PBXFileReference; lastKnownFileType = sourcecode.c.objc; path = RuntimeDemoUITests.m; sourceTree = "<group>"; };
		D147A56422A64A910011A944 /* Info.plist */ = {isa = PBXFileReference; lastKnownFileType = text.plist.xml; path = Info.plist; sourceTree = "<group>"; };
		D147A57022A64BD30011A944 /* Person.h */ = {isa = PBXFileReference; lastKnownFileType = sourcecode.c.h; path = Person.h; sourceTree = "<group>"; };
		D147A57122A64BD30011A944 /* Person.m */ = {isa = PBXFileReference; lastKnownFileType = sourcecode.c.objc; path = Person.m; sourceTree = "<group>"; };
		D147A57422A6560F0011A944 /* UITableView+FLDefaultDisplay.h */ = {isa = PBXFileReference; lastKnownFileType = sourcecode.c.h; path = "UITableView+FLDefaultDisplay.h"; sourceTree = "<group>"; };
		D147A57522A6560F0011A944 /* UITableView+FLDefaultDisplay.m */ = {isa = PBXFileReference; lastKnownFileType = sourcecode.c.objc; path = "UITableView+FLDefaultDisplay.m"; sourceTree = "<group>"; };
		D147A57722A665FD0011A944 /* SpareWheel.h */ = {isa = PBXFileReference; lastKnownFileType = sourcecode.c.h; path = SpareWheel.h; sourceTree = "<group>"; };
		D147A57822A665FD0011A944 /* SpareWheel.m */ = {isa = PBXFileReference; lastKnownFileType = sourcecode.c.objc; path = SpareWheel.m; sourceTree = "<group>"; };
/* End PBXFileReference section */

/* Begin PBXFrameworksBuildPhase section */
		D147A53822A64A8F0011A944 /* Frameworks */ = {
			isa = PBXFrameworksBuildPhase;
			buildActionMask = 2147483647;
			files = (
			);
			runOnlyForDeploymentPostprocessing = 0;
		};
		D147A55022A64A910011A944 /* Frameworks */ = {
			isa = PBXFrameworksBuildPhase;
			buildActionMask = 2147483647;
			files = (
			);
			runOnlyForDeploymentPostprocessing = 0;
		};
		D147A55B22A64A910011A944 /* Frameworks */ = {
			isa = PBXFrameworksBuildPhase;
			buildActionMask = 2147483647;
			files = (
			);
			runOnlyForDeploymentPostprocessing = 0;
		};
/* End PBXFrameworksBuildPhase section */

/* Begin PBXGroup section */
		D147A53222A64A8F0011A944 = {
			isa = PBXGroup;
			children = (
				D147A53D22A64A8F0011A944 /* RuntimeDemo */,
				D147A55622A64A910011A944 /* RuntimeDemoTests */,
				D147A56122A64A910011A944 /* RuntimeDemoUITests */,
				D147A53C22A64A8F0011A944 /* Products */,
			);
			sourceTree = "<group>";
		};
		D147A53C22A64A8F0011A944 /* Products */ = {
			isa = PBXGroup;
			children = (
				D147A53B22A64A8F0011A944 /* RuntimeDemo.app */,
				D147A55322A64A910011A944 /* RuntimeDemoTests.xctest */,
				D147A55E22A64A910011A944 /* RuntimeDemoUITests.xctest */,
			);
			name = Products;
			sourceTree = "<group>";
		};
		D147A53D22A64A8F0011A944 /* RuntimeDemo */ = {
			isa = PBXGroup;
			children = (
				D147A53E22A64A8F0011A944 /* AppDelegate.h */,
				D147A53F22A64A8F0011A944 /* AppDelegate.m */,
				D147A54122A64A8F0011A944 /* ViewController.h */,
				D147A54222A64A8F0011A944 /* ViewController.m */,
				D147A54422A64A8F0011A944 /* Main.storyboard */,
				D147A54722A64A910011A944 /* Assets.xcassets */,
				D147A54922A64A910011A944 /* LaunchScreen.storyboard */,
				D147A54C22A64A910011A944 /* Info.plist */,
				D147A54D22A64A910011A944 /* main.m */,
				D147A57022A64BD30011A944 /* Person.h */,
				D147A57122A64BD30011A944 /* Person.m */,
				D147A57722A665FD0011A944 /* SpareWheel.h */,
				D147A57822A665FD0011A944 /* SpareWheel.m */,
				D147A57422A6560F0011A944 /* UITableView+FLDefaultDisplay.h */,
				D147A57522A6560F0011A944 /* UITableView+FLDefaultDisplay.m */,
			);
			path = RuntimeDemo;
			sourceTree = "<group>";
		};
		D147A55622A64A910011A944 /* RuntimeDemoTests */ = {
			isa = PBXGroup;
			children = (
				D147A55722A64A910011A944 /* RuntimeDemoTests.m */,
				D147A55922A64A910011A944 /* Info.plist */,
			);
			path = RuntimeDemoTests;
			sourceTree = "<group>";
		};
		D147A56122A64A910011A944 /* RuntimeDemoUITests */ = {
			isa = PBXGroup;
			children = (
				D147A56222A64A910011A944 /* RuntimeDemoUITests.m */,
				D147A56422A64A910011A944 /* Info.plist */,
			);
			path = RuntimeDemoUITests;
			sourceTree = "<group>";
		};
/* End PBXGroup section */

/* Begin PBXNativeTarget section */
		D147A53A22A64A8F0011A944 /* RuntimeDemo */ = {
			isa = PBXNativeTarget;
			buildConfigurationList = D147A56722A64A910011A944 /* Build configuration list for PBXNativeTarget "RuntimeDemo" */;
			buildPhases = (
				D147A53722A64A8F0011A944 /* Sources */,
				D147A53822A64A8F0011A944 /* Frameworks */,
				D147A53922A64A8F0011A944 /* Resources */,
			);
			buildRules = (
			);
			dependencies = (
			);
			name = RuntimeDemo;
			productName = RuntimeDemo;
			productReference = D147A53B22A64A8F0011A944 /* RuntimeDemo.app */;
			productType = "com.apple.product-type.application";
		};
		D147A55222A64A910011A944 /* RuntimeDemoTests */ = {
			isa = PBXNativeTarget;
			buildConfigurationList = D147A56A22A64A910011A944 /* Build configuration list for PBXNativeTarget "RuntimeDemoTests" */;
			buildPhases = (
				D147A54F22A64A910011A944 /* Sources */,
				D147A55022A64A910011A944 /* Frameworks */,
				D147A55122A64A910011A944 /* Resources */,
			);
			buildRules = (
			);
			dependencies = (
				D147A55522A64A910011A944 /* PBXTargetDependency */,
			);
			name = RuntimeDemoTests;
			productName = RuntimeDemoTests;
			productReference = D147A55322A64A910011A944 /* RuntimeDemoTests.xctest */;
			productType = "com.apple.product-type.bundle.unit-test";
		};
		D147A55D22A64A910011A944 /* RuntimeDemoUITests */ = {
			isa = PBXNativeTarget;
			buildConfigurationList = D147A56D22A64A910011A944 /* Build configuration list for PBXNativeTarget "RuntimeDemoUITests" */;
			buildPhases = (
				D147A55A22A64A910011A944 /* Sources */,
				D147A55B22A64A910011A944 /* Frameworks */,
				D147A55C22A64A910011A944 /* Resources */,
			);
			buildRules = (
			);
			dependencies = (
				D147A56022A64A910011A944 /* PBXTargetDependency */,
			);
			name = RuntimeDemoUITests;
			productName = RuntimeDemoUITests;
			productReference = D147A55E22A64A910011A944 /* RuntimeDemoUITests.xctest */;
			productType = "com.apple.product-type.bundle.ui-testing";
		};
/* End PBXNativeTarget section */

/* Begin PBXProject section */
		D147A53322A64A8F0011A944 /* Project object */ = {
			isa = PBXProject;
			attributes = {
				LastUpgradeCheck = 1020;
				ORGANIZATIONNAME = fanglin;
				TargetAttributes = {
					D147A53A22A64A8F0011A944 = {
						CreatedOnToolsVersion = 10.2.1;
					};
					D147A55222A64A910011A944 = {
						CreatedOnToolsVersion = 10.2.1;
						TestTargetID = D147A53A22A64A8F0011A944;
					};
					D147A55D22A64A910011A944 = {
						CreatedOnToolsVersion = 10.2.1;
						TestTargetID = D147A53A22A64A8F0011A944;
					};
				};
			};
			buildConfigurationList = D147A53622A64A8F0011A944 /* Build configuration list for PBXProject "RuntimeDemo" */;
			compatibilityVersion = "Xcode 9.3";
			developmentRegion = en;
			hasScannedForEncodings = 0;
			knownRegions = (
				en,
				Base,
			);
			mainGroup = D147A53222A64A8F0011A944;
			productRefGroup = D147A53C22A64A8F0011A944 /* Products */;
			projectDirPath = "";
			projectRoot = "";
			targets = (
				D147A53A22A64A8F0011A944 /* RuntimeDemo */,
				D147A55222A64A910011A944 /* RuntimeDemoTests */,
				D147A55D22A64A910011A944 /* RuntimeDemoUITests */,
			);
		};
/* End PBXProject section */

/* Begin PBXResourcesBuildPhase section */
		D147A53922A64A8F0011A944 /* Resources */ = {
			isa = PBXResourcesBuildPhase;
			buildActionMask = 2147483647;
			files = (
				D147A54B22A64A910011A944 /* LaunchScreen.storyboard in Resources */,
				D147A54822A64A910011A944 /* Assets.xcassets in Resources */,
				D147A54622A64A8F0011A944 /* Main.storyboard in Resources */,
			);
			runOnlyForDeploymentPostprocessing = 0;
		};
		D147A55122A64A910011A944 /* Resources */ = {
			isa = PBXResourcesBuildPhase;
			buildActionMask = 2147483647;
			files = (
			);
			runOnlyForDeploymentPostprocessing = 0;
		};
		D147A55C22A64A910011A944 /* Resources */ = {
			isa = PBXResourcesBuildPhase;
			buildActionMask = 2147483647;
			files = (
			);
			runOnlyForDeploymentPostprocessing = 0;
		};
/* End PBXResourcesBuildPhase section */

/* Begin PBXSourcesBuildPhase section */
		D147A53722A64A8F0011A944 /* Sources */ = {
			isa = PBXSourcesBuildPhase;
			buildActionMask = 2147483647;
			files = (
				D147A57622A6560F0011A944 /* UITableView+FLDefaultDisplay.m in Sources */,
				D147A54322A64A8F0011A944 /* ViewController.m in Sources */,
				D147A54E22A64A910011A944 /* main.m in Sources */,
				D147A57922A665FD0011A944 /* SpareWheel.m in Sources */,
				D147A57222A64BD30011A944 /* Person.m in Sources */,
				D147A54022A64A8F0011A944 /* AppDelegate.m in Sources */,
			);
			runOnlyForDeploymentPostprocessing = 0;
		};
		D147A54F22A64A910011A944 /* Sources */ = {
			isa = PBXSourcesBuildPhase;
			buildActionMask = 2147483647;
			files = (
				D147A55822A64A910011A944 /* RuntimeDemoTests.m in Sources */,
			);
			runOnlyForDeploymentPostprocessing = 0;
		};
		D147A55A22A64A910011A944 /* Sources */ = {
			isa = PBXSourcesBuildPhase;
			buildActionMask = 2147483647;
			files = (
				D147A56322A64A910011A944 /* RuntimeDemoUITests.m in Sources */,
			);
			runOnlyForDeploymentPostprocessing = 0;
		};
/* End PBXSourcesBuildPhase section */

/* Begin PBXTargetDependency section */
		D147A55522A64A910011A944 /* PBXTargetDependency */ = {
			isa = PBXTargetDependency;
			target = D147A53A22A64A8F0011A944 /* RuntimeDemo */;
			targetProxy = D147A55422A64A910011A944 /* PBXContainerItemProxy */;
		};
		D147A56022A64A910011A944 /* PBXTargetDependency */ = {
			isa = PBXTargetDependency;
			target = D147A53A22A64A8F0011A944 /* RuntimeDemo */;
			targetProxy = D147A55F22A64A910011A944 /* PBXContainerItemProxy */;
		};
/* End PBXTargetDependency section */

/* Begin PBXVariantGroup section */
		D147A54422A64A8F0011A944 /* Main.storyboard */ = {
			isa = PBXVariantGroup;
			children = (
				D147A54522A64A8F0011A944 /* Base */,
			);
			name = Main.storyboard;
			sourceTree = "<group>";
		};
		D147A54922A64A910011A944 /* LaunchScreen.storyboard */ = {
			isa = PBXVariantGroup;
			children = (
				D147A54A22A64A910011A944 /* Base */,
			);
			name = LaunchScreen.storyboard;
			sourceTree = "<group>";
		};
/* End PBXVariantGroup section */

/* Begin XCBuildConfiguration section */
		D147A56522A64A910011A944 /* Debug */ = {
			isa = XCBuildConfiguration;
			buildSettings = {
				ALWAYS_SEARCH_USER_PATHS = NO;
				CLANG_ANALYZER_NONNULL = YES;
				CLANG_ANALYZER_NUMBER_OBJECT_CONVERSION = YES_AGGRESSIVE;
				CLANG_CXX_LANGUAGE_STANDARD = "gnu++14";
				CLANG_CXX_LIBRARY = "libc++";
				CLANG_ENABLE_MODULES = YES;
				CLANG_ENABLE_OBJC_ARC = YES;
				CLANG_ENABLE_OBJC_WEAK = YES;
				CLANG_WARN_BLOCK_CAPTURE_AUTORELEASING = YES;
				CLANG_WARN_BOOL_CONVERSION = YES;
				CLANG_WARN_COMMA = YES;
				CLANG_WARN_CONSTANT_CONVERSION = YES;
				CLANG_WARN_DEPRECATED_OBJC_IMPLEMENTATIONS = YES;
				CLANG_WARN_DIRECT_OBJC_ISA_USAGE = YES_ERROR;
				CLANG_WARN_DOCUMENTATION_COMMENTS = YES;
				CLANG_WARN_EMPTY_BODY = YES;
				CLANG_WARN_ENUM_CONVERSION = YES;
				CLANG_WARN_INFINITE_RECURSION = YES;
				CLANG_WARN_INT_CONVERSION = YES;
				CLANG_WARN_NON_LITERAL_NULL_CONVERSION = YES;
				CLANG_WARN_OBJC_IMPLICIT_RETAIN_SELF = YES;
				CLANG_WARN_OBJC_LITERAL_CONVERSION = YES;
				CLANG_WARN_OBJC_ROOT_CLASS = YES_ERROR;
				CLANG_WARN_RANGE_LOOP_ANALYSIS = YES;
				CLANG_WARN_STRICT_PROTOTYPES = YES;
				CLANG_WARN_SUSPICIOUS_MOVE = YES;
				CLANG_WARN_UNGUARDED_AVAILABILITY = YES_AGGRESSIVE;
				CLANG_WARN_UNREACHABLE_CODE = YES;
				CLANG_WARN__DUPLICATE_METHOD_MATCH = YES;
				CODE_SIGN_IDENTITY = "iPhone Developer";
				COPY_PHASE_STRIP = NO;
				DEBUG_INFORMATION_FORMAT = dwarf;
				ENABLE_STRICT_OBJC_MSGSEND = YES;
				ENABLE_TESTABILITY = YES;
				GCC_C_LANGUAGE_STANDARD = gnu11;
				GCC_DYNAMIC_NO_PIC = NO;
				GCC_NO_COMMON_BLOCKS = YES;
				GCC_OPTIMIZATION_LEVEL = 0;
				GCC_PREPROCESSOR_DEFINITIONS = (
					"DEBUG=1",
					"$(inherited)",
				);
				GCC_WARN_64_TO_32_BIT_CONVERSION = YES;
				GCC_WARN_ABOUT_RETURN_TYPE = YES_ERROR;
				GCC_WARN_UNDECLARED_SELECTOR = YES;
				GCC_WARN_UNINITIALIZED_AUTOS = YES_AGGRESSIVE;
				GCC_WARN_UNUSED_FUNCTION = YES;
				GCC_WARN_UNUSED_VARIABLE = YES;
				IPHONEOS_DEPLOYMENT_TARGET = 12.2;
				MTL_ENABLE_DEBUG_INFO = INCLUDE_SOURCE;
				MTL_FAST_MATH = YES;
				ONLY_ACTIVE_ARCH = YES;
				SDKROOT = iphoneos;
			};
			name = Debug;
		};
		D147A56622A64A910011A944 /* Release */ = {
			isa = XCBuildConfiguration;
			buildSettings = {
				ALWAYS_SEARCH_USER_PATHS = NO;
				CLANG_ANALYZER_NONNULL = YES;
				CLANG_ANALYZER_NUMBER_OBJECT_CONVERSION = YES_AGGRESSIVE;
				CLANG_CXX_LANGUAGE_STANDARD = "gnu++14";
				CLANG_CXX_LIBRARY = "libc++";
				CLANG_ENABLE_MODULES = YES;
				CLANG_ENABLE_OBJC_ARC = YES;
				CLANG_ENABLE_OBJC_WEAK = YES;
				CLANG_WARN_BLOCK_CAPTURE_AUTORELEASING = YES;
				CLANG_WARN_BOOL_CONVERSION = YES;
				CLANG_WARN_COMMA = YES;
				CLANG_WARN_CONSTANT_CONVERSION = YES;
				CLANG_WARN_DEPRECATED_OBJC_IMPLEMENTATIONS = YES;
				CLANG_WARN_DIRECT_OBJC_ISA_USAGE = YES_ERROR;
				CLANG_WARN_DOCUMENTATION_COMMENTS = YES;
				CLANG_WARN_EMPTY_BODY = YES;
				CLANG_WARN_ENUM_CONVERSION = YES;
				CLANG_WARN_INFINITE_RECURSION = YES;
				CLANG_WARN_INT_CONVERSION = YES;
				CLANG_WARN_NON_LITERAL_NULL_CONVERSION = YES;
				CLANG_WARN_OBJC_IMPLICIT_RETAIN_SELF = YES;
				CLANG_WARN_OBJC_LITERAL_CONVERSION = YES;
				CLANG_WARN_OBJC_ROOT_CLASS = YES_ERROR;
				CLANG_WARN_RANGE_LOOP_ANALYSIS = YES;
				CLANG_WARN_STRICT_PROTOTYPES = YES;
				CLANG_WARN_SUSPICIOUS_MOVE = YES;
				CLANG_WARN_UNGUARDED_AVAILABILITY = YES_AGGRESSIVE;
				CLANG_WARN_UNREACHABLE_CODE = YES;
				CLANG_WARN__DUPLICATE_METHOD_MATCH = YES;
				CODE_SIGN_IDENTITY = "iPhone Developer";
				COPY_PHASE_STRIP = NO;
				DEBUG_INFORMATION_FORMAT = "dwarf-with-dsym";
				ENABLE_NS_ASSERTIONS = NO;
				ENABLE_STRICT_OBJC_MSGSEND = YES;
				GCC_C_LANGUAGE_STANDARD = gnu11;
				GCC_NO_COMMON_BLOCKS = YES;
				GCC_WARN_64_TO_32_BIT_CONVERSION = YES;
				GCC_WARN_ABOUT_RETURN_TYPE = YES_ERROR;
				GCC_WARN_UNDECLARED_SELECTOR = YES;
				GCC_WARN_UNINITIALIZED_AUTOS = YES_AGGRESSIVE;
				GCC_WARN_UNUSED_FUNCTION = YES;
				GCC_WARN_UNUSED_VARIABLE = YES;
				IPHONEOS_DEPLOYMENT_TARGET = 12.2;
				MTL_ENABLE_DEBUG_INFO = NO;
				MTL_FAST_MATH = YES;
				SDKROOT = iphoneos;
				VALIDATE_PRODUCT = YES;
			};
			name = Release;
		};
		D147A56822A64A910011A944 /* Debug */ = {
			isa = XCBuildConfiguration;
			buildSettings = {
				ASSETCATALOG_COMPILER_APPICON_NAME = AppIcon;
				CODE_SIGN_STYLE = Automatic;
				INFOPLIST_FILE = RuntimeDemo/Info.plist;
				LD_RUNPATH_SEARCH_PATHS = (
					"$(inherited)",
					"@executable_path/Frameworks",
				);
				PRODUCT_BUNDLE_IDENTIFIER = "com.openGL-01.RuntimeDemo";
				PRODUCT_NAME = "$(TARGET_NAME)";
				TARGETED_DEVICE_FAMILY = "1,2";
			};
			name = Debug;
		};
		D147A56922A64A910011A944 /* Release */ = {
			isa = XCBuildConfiguration;
			buildSettings = {
				ASSETCATALOG_COMPILER_APPICON_NAME = AppIcon;
				CODE_SIGN_STYLE = Automatic;
				INFOPLIST_FILE = RuntimeDemo/Info.plist;
				LD_RUNPATH_SEARCH_PATHS = (
					"$(inherited)",
					"@executable_path/Frameworks",
				);
				PRODUCT_BUNDLE_IDENTIFIER = "com.openGL-01.RuntimeDemo";
				PRODUCT_NAME = "$(TARGET_NAME)";
				TARGETED_DEVICE_FAMILY = "1,2";
			};
			name = Release;
		};
		D147A56B22A64A910011A944 /* Debug */ = {
			isa = XCBuildConfiguration;
			buildSettings = {
				BUNDLE_LOADER = "$(TEST_HOST)";
				CODE_SIGN_STYLE = Automatic;
				INFOPLIST_FILE = RuntimeDemoTests/Info.plist;
				LD_RUNPATH_SEARCH_PATHS = (
					"$(inherited)",
					"@executable_path/Frameworks",
					"@loader_path/Frameworks",
				);
				PRODUCT_BUNDLE_IDENTIFIER = "com.openGL-01.RuntimeDemoTests";
				PRODUCT_NAME = "$(TARGET_NAME)";
				TARGETED_DEVICE_FAMILY = "1,2";
				TEST_HOST = "$(BUILT_PRODUCTS_DIR)/RuntimeDemo.app/RuntimeDemo";
			};
			name = Debug;
		};
		D147A56C22A64A910011A944 /* Release */ = {
			isa = XCBuildConfiguration;
			buildSettings = {
				BUNDLE_LOADER = "$(TEST_HOST)";
				CODE_SIGN_STYLE = Automatic;
				INFOPLIST_FILE = RuntimeDemoTests/Info.plist;
				LD_RUNPATH_SEARCH_PATHS = (
					"$(inherited)",
					"@executable_path/Frameworks",
					"@loader_path/Frameworks",
				);
				PRODUCT_BUNDLE_IDENTIFIER = "com.openGL-01.RuntimeDemoTests";
				PRODUCT_NAME = "$(TARGET_NAME)";
				TARGETED_DEVICE_FAMILY = "1,2";
				TEST_HOST = "$(BUILT_PRODUCTS_DIR)/RuntimeDemo.app/RuntimeDemo";
			};
			name = Release;
		};
		D147A56E22A64A910011A944 /* Debug */ = {
			isa = XCBuildConfiguration;
			buildSettings = {
				CODE_SIGN_STYLE = Automatic;
				INFOPLIST_FILE = RuntimeDemoUITests/Info.plist;
				LD_RUNPATH_SEARCH_PATHS = (
					"$(inherited)",
					"@executable_path/Frameworks",
					"@loader_path/Frameworks",
				);
				PRODUCT_BUNDLE_IDENTIFIER = "com.openGL-01.RuntimeDemoUITests";
				PRODUCT_NAME = "$(TARGET_NAME)";
				TARGETED_DEVICE_FAMILY = "1,2";
				TEST_TARGET_NAME = RuntimeDemo;
			};
			name = Debug;
		};
		D147A56F22A64A910011A944 /* Release */ = {
			isa = XCBuildConfiguration;
			buildSettings = {
				CODE_SIGN_STYLE = Automatic;
				INFOPLIST_FILE = RuntimeDemoUITests/Info.plist;
				LD_RUNPATH_SEARCH_PATHS = (
					"$(inherited)",
					"@executable_path/Frameworks",
					"@loader_path/Frameworks",
				);
				PRODUCT_BUNDLE_IDENTIFIER = "com.openGL-01.RuntimeDemoUITests";
				PRODUCT_NAME = "$(TARGET_NAME)";
				TARGETED_DEVICE_FAMILY = "1,2";
				TEST_TARGET_NAME = RuntimeDemo;
			};
			name = Release;
		};
/* End XCBuildConfiguration section */

/* Begin XCConfigurationList section */
		D147A53622A64A8F0011A944 /* Build configuration list for PBXProject "RuntimeDemo" */ = {
			isa = XCConfigurationList;
			buildConfigurations = (
				D147A56522A64A910011A944 /* Debug */,
				D147A56622A64A910011A944 /* Release */,
			);
			defaultConfigurationIsVisible = 0;
			defaultConfigurationName = Release;
		};
		D147A56722A64A910011A944 /* Build configuration list for PBXNativeTarget "RuntimeDemo" */ = {
			isa = XCConfigurationList;
			buildConfigurations = (
				D147A56822A64A910011A944 /* Debug */,
				D147A56922A64A910011A944 /* Release */,
			);
			defaultConfigurationIsVisible = 0;
			defaultConfigurationName = Release;
		};
		D147A56A22A64A910011A944 /* Build configuration list for PBXNativeTarget "RuntimeDemoTests" */ = {
			isa = XCConfigurationList;
			buildConfigurations = (
				D147A56B22A64A910011A944 /* Debug */,
				D147A56C22A64A910011A944 /* Release */,
			);
			defaultConfigurationIsVisible = 0;
			defaultConfigurationName = Release;
		};
		D147A56D22A64A910011A944 /* Build configuration list for PBXNativeTarget "RuntimeDemoUITests" */ = {
			isa = XCConfigurationList;
			buildConfigurations = (
				D147A56E22A64A910011A944 /* Debug */,
				D147A56F22A64A910011A944 /* Release */,
			);
			defaultConfigurationIsVisible = 0;
			defaultConfigurationName = Release;
		};
/* End XCConfigurationList section */
	};
	rootObject = D147A53322A64A8F0011A944 /* Project object */;
}
